PODS:
  - Alamofire (4.8.2)
  - AudioPlayerSwift (2.0.0)
  - SwiftyJSON (5.0.0)

DEPENDENCIES:
  - Alamofire
  - AudioPlayerSwift
  - SwiftyJSON

SPEC REPOS:
  https://github.com/cocoapods/specs.git:
    - Alamofire
    - AudioPlayerSwift
    - SwiftyJSON

SPEC CHECKSUMS:
  Alamofire: ae5c501addb7afdbb13687d7f2f722c78734c2d3
  AudioPlayerSwift: 26d1c95f177f5bd195be482a41538d7ab8d04dd9
  SwiftyJSON: 36413e04c44ee145039d332b4f4e2d3e8d6c4db7

PODFILE CHECKSUM: 92d8eeda56b49d8fea7fb12df22dc05719bfd558

COCOAPODS: 1.7.5
