// !$*UTF8*$!
{
	archiveVersion = 1;
	classes = {
	};
	objectVersion = 51;
	objects = {

/* Begin PBXBuildFile section */
		042E0AB722E3566400251DFE /* AppDelegate.swift in Sources */ = {isa = PBXBuildFile; fileRef = 042E0AB622E3566400251DFE /* AppDelegate.swift */; };
		042E0AB922E3566400251DFE /* KnjigeVC.swift in Sources */ = {isa = PBXBuildFile; fileRef = 042E0AB822E3566400251DFE /* KnjigeVC.swift */; };
		042E0ABB22E3566400251DFE /* LektireVC.swift in Sources */ = {isa = PBXBuildFile; fileRef = 042E0ABA22E3566400251DFE /* LektireVC.swift */; };
		042E0ABE22E3566400251DFE /* Main.storyboard in Resources */ = {isa = PBXBuildFile; fileRef = 042E0ABC22E3566400251DFE /* Main.storyboard */; };
		042E0AC022E3566800251DFE /* Assets.xcassets in Resources */ = {isa = PBXBuildFile; fileRef = 042E0ABF22E3566800251DFE /* Assets.xcassets */; };
		042E0AC322E3566800251DFE /* LaunchScreen.storyboard in Resources */ = {isa = PBXBuildFile; fileRef = 042E0AC122E3566800251DFE /* LaunchScreen.storyboard */; };
		B35CD76264FE94B8EF2C6FCC /* Pods_AudioKnjige.framework in Frameworks */ = {isa = PBXBuildFile; fileRef = C9219A26D467A37446810578 /* Pods_AudioKnjige.framework */; };
		CE1D484822EF5C670062C1CC /* audio.mp3 in Resources */ = {isa = PBXBuildFile; fileRef = CE1D484722EF5C660062C1CC /* audio.mp3 */; };
		CEF0F7A322EC5211005753B2 /* HomeVC.swift in Sources */ = {isa = PBXBuildFile; fileRef = CEF0F7A222EC5211005753B2 /* HomeVC.swift */; };
		CEF0F7A522EC522F005753B2 /* FavoritesVC.swift in Sources */ = {isa = PBXBuildFile; fileRef = CEF0F7A422EC522F005753B2 /* FavoritesVC.swift */; };
		CEF0F7A822EC5535005753B2 /* BookCell.swift in Sources */ = {isa = PBXBuildFile; fileRef = CEF0F7A722EC5535005753B2 /* BookCell.swift */; };
		CEFDD9AA22EC628B005514B3 /* da-vinci-code.jpg in Resources */ = {isa = PBXBuildFile; fileRef = CEFDD98F22EC628B005514B3 /* da-vinci-code.jpg */; };
		CEFDD9AB22EC628B005514B3 /* chamber.jpg in Resources */ = {isa = PBXBuildFile; fileRef = CEFDD99022EC628B005514B3 /* chamber.jpg */; };
		CEFDD9AC22EC628B005514B3 /* digital-fortress.jpg in Resources */ = {isa = PBXBuildFile; fileRef = CEFDD99122EC628B005514B3 /* digital-fortress.jpg */; };
		CEFDD9AD22EC628B005514B3 /* bilbo-song.png in Resources */ = {isa = PBXBuildFile; fileRef = CEFDD99222EC628B005514B3 /* bilbo-song.png */; };
		CEFDD9AE22EC628B005514B3 /* fever.jpg in Resources */ = {isa = PBXBuildFile; fileRef = CEFDD99322EC628B005514B3 /* fever.jpg */; };
		CEFDD9AF22EC628B005514B3 /* hallows.jpg in Resources */ = {isa = PBXBuildFile; fileRef = CEFDD99422EC628B005514B3 /* hallows.jpg */; };
		CEFDD9B022EC628B005514B3 /* invasion.jpg in Resources */ = {isa = PBXBuildFile; fileRef = CEFDD99522EC628B005514B3 /* invasion.jpg */; };
		CEFDD9B122EC628B005514B3 /* shock.jpg in Resources */ = {isa = PBXBuildFile; fileRef = CEFDD99622EC628B005514B3 /* shock.jpg */; };
		CEFDD9B222EC628B005514B3 /* fatal-cure.jpeg in Resources */ = {isa = PBXBuildFile; fileRef = CEFDD99722EC628B005514B3 /* fatal-cure.jpeg */; };
		CEFDD9B322EC628B005514B3 /* brain.jpg in Resources */ = {isa = PBXBuildFile; fileRef = CEFDD99822EC628B005514B3 /* brain.jpg */; };
		CEFDD9B422EC628B005514B3 /* prince.jpg in Resources */ = {isa = PBXBuildFile; fileRef = CEFDD99922EC628B005514B3 /* prince.jpg */; };
		CEFDD9B522EC628B005514B3 /* the-hobbit.jpg in Resources */ = {isa = PBXBuildFile; fileRef = CEFDD99A22EC628B005514B3 /* the-hobbit.jpg */; };
		CEFDD9B622EC628B005514B3 /* blindsight.png in Resources */ = {isa = PBXBuildFile; fileRef = CEFDD99B22EC628B005514B3 /* blindsight.png */; };
		CEFDD9B722EC628B005514B3 /* goblet.jpg in Resources */ = {isa = PBXBuildFile; fileRef = CEFDD99C22EC628B005514B3 /* goblet.jpg */; };
		CEFDD9B822EC628B005514B3 /* fellowship.jpg in Resources */ = {isa = PBXBuildFile; fileRef = CEFDD99D22EC628B005514B3 /* fellowship.jpg */; };
		CEFDD9B922EC628B005514B3 /* background.jpg in Resources */ = {isa = PBXBuildFile; fileRef = CEFDD99E22EC628B005514B3 /* background.jpg */; };
		CEFDD9BA22EC628B005514B3 /* stone.jpg in Resources */ = {isa = PBXBuildFile; fileRef = CEFDD99F22EC628B005514B3 /* stone.jpg */; };
		CEFDD9BB22EC628B005514B3 /* bard.jpg in Resources */ = {isa = PBXBuildFile; fileRef = CEFDD9A022EC628B005514B3 /* bard.jpg */; };
		CEFDD9BC22EC628B005514B3 /* two-towers.jpg in Resources */ = {isa = PBXBuildFile; fileRef = CEFDD9A122EC628B005514B3 /* two-towers.jpg */; };
		CEFDD9BD22EC628B005514B3 /* lost-symbol.jpg in Resources */ = {isa = PBXBuildFile; fileRef = CEFDD9A222EC628B005514B3 /* lost-symbol.jpg */; };
		CEFDD9BE22EC628B005514B3 /* azkaban.jpg in Resources */ = {isa = PBXBuildFile; fileRef = CEFDD9A322EC628B005514B3 /* azkaban.jpg */; };
		CEFDD9BF22EC628B005514B3 /* deception-point.jpg in Resources */ = {isa = PBXBuildFile; fileRef = CEFDD9A422EC628B005514B3 /* deception-point.jpg */; };
		CEFDD9C022EC628B005514B3 /* return-king.jpg in Resources */ = {isa = PBXBuildFile; fileRef = CEFDD9A522EC628B005514B3 /* return-king.jpg */; };
		CEFDD9C122EC628B005514B3 /* sphinx.jpeg in Resources */ = {isa = PBXBuildFile; fileRef = CEFDD9A622EC628B005514B3 /* sphinx.jpeg */; };
		CEFDD9C222EC628B005514B3 /* intervention.jpg in Resources */ = {isa = PBXBuildFile; fileRef = CEFDD9A722EC628B005514B3 /* intervention.jpg */; };
		CEFDD9C322EC628B005514B3 /* phoenix.jpg in Resources */ = {isa = PBXBuildFile; fileRef = CEFDD9A822EC628B005514B3 /* phoenix.jpg */; };
		CEFDD9C422EC628B005514B3 /* angels-demons.jpg in Resources */ = {isa = PBXBuildFile; fileRef = CEFDD9A922EC628B005514B3 /* angels-demons.jpg */; };
		CEFDD9C722EC6562005514B3 /* Model.swift in Sources */ = {isa = PBXBuildFile; fileRef = CEFDD9C622EC6562005514B3 /* Model.swift */; };
		CEFDD9C922EC8EC7005514B3 /* DescriptionVC.swift in Sources */ = {isa = PBXBuildFile; fileRef = CEFDD9C822EC8EC7005514B3 /* DescriptionVC.swift */; };
/* End PBXBuildFile section */

/* Begin PBXFileReference section */
		042E0AB322E3566400251DFE /* AudioKnjige.app */ = {isa = PBXFileReference; explicitFileType = wrapper.application; includeInIndex = 0; path = AudioKnjige.app; sourceTree = BUILT_PRODUCTS_DIR; };
		042E0AB622E3566400251DFE /* AppDelegate.swift */ = {isa = PBXFileReference; lastKnownFileType = sourcecode.swift; path = AppDelegate.swift; sourceTree = "<group>"; };
		042E0AB822E3566400251DFE /* KnjigeVC.swift */ = {isa = PBXFileReference; lastKnownFileType = sourcecode.swift; path = KnjigeVC.swift; sourceTree = "<group>"; };
		042E0ABA22E3566400251DFE /* LektireVC.swift */ = {isa = PBXFileReference; lastKnownFileType = sourcecode.swift; path = LektireVC.swift; sourceTree = "<group>"; };
		042E0ABD22E3566400251DFE /* Base */ = {isa = PBXFileReference; lastKnownFileType = file.storyboard; name = Base; path = Base.lproj/Main.storyboard; sourceTree = "<group>"; };
		042E0ABF22E3566800251DFE /* Assets.xcassets */ = {isa = PBXFileReference; lastKnownFileType = folder.assetcatalog; path = Assets.xcassets; sourceTree = "<group>"; };
		042E0AC222E3566800251DFE /* Base */ = {isa = PBXFileReference; lastKnownFileType = file.storyboard; name = Base; path = Base.lproj/LaunchScreen.storyboard; sourceTree = "<group>"; };
		042E0AC422E3566800251DFE /* Info.plist */ = {isa = PBXFileReference; lastKnownFileType = text.plist.xml; path = Info.plist; sourceTree = "<group>"; };
		697360E05410FE8BE2669398 /* Pods-AudioKnjige.debug.xcconfig */ = {isa = PBXFileReference; includeInIndex = 1; lastKnownFileType = text.xcconfig; name = "Pods-AudioKnjige.debug.xcconfig"; path = "Target Support Files/Pods-AudioKnjige/Pods-AudioKnjige.debug.xcconfig"; sourceTree = "<group>"; };
		C9219A26D467A37446810578 /* Pods_AudioKnjige.framework */ = {isa = PBXFileReference; explicitFileType = wrapper.framework; includeInIndex = 0; path = Pods_AudioKnjige.framework; sourceTree = BUILT_PRODUCTS_DIR; };
		CE1D484722EF5C660062C1CC /* audio.mp3 */ = {isa = PBXFileReference; lastKnownFileType = audio.mp3; path = audio.mp3; sourceTree = "<group>"; };
		CEF0F7A222EC5211005753B2 /* HomeVC.swift */ = {isa = PBXFileReference; lastKnownFileType = sourcecode.swift; path = HomeVC.swift; sourceTree = "<group>"; };
		CEF0F7A422EC522F005753B2 /* FavoritesVC.swift */ = {isa = PBXFileReference; lastKnownFileType = sourcecode.swift; path = FavoritesVC.swift; sourceTree = "<group>"; };
		CEF0F7A722EC5535005753B2 /* BookCell.swift */ = {isa = PBXFileReference; lastKnownFileType = sourcecode.swift; path = BookCell.swift; sourceTree = "<group>"; };
		CEFDD98F22EC628B005514B3 /* da-vinci-code.jpg */ = {isa = PBXFileReference; lastKnownFileType = image.jpeg; path = "da-vinci-code.jpg"; sourceTree = "<group>"; };
		CEFDD99022EC628B005514B3 /* chamber.jpg */ = {isa = PBXFileReference; lastKnownFileType = image.jpeg; path = chamber.jpg; sourceTree = "<group>"; };
		CEFDD99122EC628B005514B3 /* digital-fortress.jpg */ = {isa = PBXFileReference; lastKnownFileType = image.jpeg; path = "digital-fortress.jpg"; sourceTree = "<group>"; };
		CEFDD99222EC628B005514B3 /* bilbo-song.png */ = {isa = PBXFileReference; lastKnownFileType = image.png; path = "bilbo-song.png"; sourceTree = "<group>"; };
		CEFDD99322EC628B005514B3 /* fever.jpg */ = {isa = PBXFileReference; lastKnownFileType = image.jpeg; path = fever.jpg; sourceTree = "<group>"; };
		CEFDD99422EC628B005514B3 /* hallows.jpg */ = {isa = PBXFileReference; lastKnownFileType = image.jpeg; path = hallows.jpg; sourceTree = "<group>"; };
		CEFDD99522EC628B005514B3 /* invasion.jpg */ = {isa = PBXFileReference; lastKnownFileType = image.jpeg; path = invasion.jpg; sourceTree = "<group>"; };
		CEFDD99622EC628B005514B3 /* shock.jpg */ = {isa = PBXFileReference; lastKnownFileType = image.jpeg; path = shock.jpg; sourceTree = "<group>"; };
		CEFDD99722EC628B005514B3 /* fatal-cure.jpeg */ = {isa = PBXFileReference; lastKnownFileType = image.jpeg; path = "fatal-cure.jpeg"; sourceTree = "<group>"; };
		CEFDD99822EC628B005514B3 /* brain.jpg */ = {isa = PBXFileReference; lastKnownFileType = image.jpeg; path = brain.jpg; sourceTree = "<group>"; };
		CEFDD99922EC628B005514B3 /* prince.jpg */ = {isa = PBXFileReference; lastKnownFileType = image.jpeg; path = prince.jpg; sourceTree = "<group>"; };
		CEFDD99A22EC628B005514B3 /* the-hobbit.jpg */ = {isa = PBXFileReference; lastKnownFileType = image.jpeg; path = "the-hobbit.jpg"; sourceTree = "<group>"; };
		CEFDD99B22EC628B005514B3 /* blindsight.png */ = {isa = PBXFileReference; lastKnownFileType = image.png; path = blindsight.png; sourceTree = "<group>"; };
		CEFDD99C22EC628B005514B3 /* goblet.jpg */ = {isa = PBXFileReference; lastKnownFileType = image.jpeg; path = goblet.jpg; sourceTree = "<group>"; };
		CEFDD99D22EC628B005514B3 /* fellowship.jpg */ = {isa = PBXFileReference; lastKnownFileType = image.jpeg; path = fellowship.jpg; sourceTree = "<group>"; };
		CEFDD99E22EC628B005514B3 /* background.jpg */ = {isa = PBXFileReference; lastKnownFileType = image.jpeg; path = background.jpg; sourceTree = "<group>"; };
		CEFDD99F22EC628B005514B3 /* stone.jpg */ = {isa = PBXFileReference; lastKnownFileType = image.jpeg; path = stone.jpg; sourceTree = "<group>"; };
		CEFDD9A022EC628B005514B3 /* bard.jpg */ = {isa = PBXFileReference; lastKnownFileType = image.jpeg; path = bard.jpg; sourceTree = "<group>"; };
		CEFDD9A122EC628B005514B3 /* two-towers.jpg */ = {isa = PBXFileReference; lastKnownFileType = image.jpeg; path = "two-towers.jpg"; sourceTree = "<group>"; };
		CEFDD9A222EC628B005514B3 /* lost-symbol.jpg */ = {isa = PBXFileReference; lastKnownFileType = image.jpeg; path = "lost-symbol.jpg"; sourceTree = "<group>"; };
		CEFDD9A322EC628B005514B3 /* azkaban.jpg */ = {isa = PBXFileReference; lastKnownFileType = image.jpeg; path = azkaban.jpg; sourceTree = "<group>"; };
		CEFDD9A422EC628B005514B3 /* deception-point.jpg */ = {isa = PBXFileReference; lastKnownFileType = image.jpeg; path = "deception-point.jpg"; sourceTree = "<group>"; };
		CEFDD9A522EC628B005514B3 /* return-king.jpg */ = {isa = PBXFileReference; lastKnownFileType = image.jpeg; path = "return-king.jpg"; sourceTree = "<group>"; };
		CEFDD9A622EC628B005514B3 /* sphinx.jpeg */ = {isa = PBXFileReference; lastKnownFileType = image.jpeg; path = sphinx.jpeg; sourceTree = "<group>"; };
		CEFDD9A722EC628B005514B3 /* intervention.jpg */ = {isa = PBXFileReference; lastKnownFileType = image.jpeg; path = intervention.jpg; sourceTree = "<group>"; };
		CEFDD9A822EC628B005514B3 /* phoenix.jpg */ = {isa = PBXFileReference; lastKnownFileType = image.jpeg; path = phoenix.jpg; sourceTree = "<group>"; };
		CEFDD9A922EC628B005514B3 /* angels-demons.jpg */ = {isa = PBXFileReference; lastKnownFileType = image.jpeg; path = "angels-demons.jpg"; sourceTree = "<group>"; };
		CEFDD9C622EC6562005514B3 /* Model.swift */ = {isa = PBXFileReference; lastKnownFileType = sourcecode.swift; path = Model.swift; sourceTree = "<group>"; };
		CEFDD9C822EC8EC7005514B3 /* DescriptionVC.swift */ = {isa = PBXFileReference; lastKnownFileType = sourcecode.swift; path = DescriptionVC.swift; sourceTree = "<group>"; };
		EA7DBD33DF2B011F792150E7 /* Pods-AudioKnjige.release.xcconfig */ = {isa = PBXFileReference; includeInIndex = 1; lastKnownFileType = text.xcconfig; name = "Pods-AudioKnjige.release.xcconfig"; path = "Target Support Files/Pods-AudioKnjige/Pods-AudioKnjige.release.xcconfig"; sourceTree = "<group>"; };
/* End PBXFileReference section */

/* Begin PBXFrameworksBuildPhase section */
		042E0AB022E3566400251DFE /* Frameworks */ = {
			isa = PBXFrameworksBuildPhase;
			buildActionMask = 2147483647;
			files = (
				B35CD76264FE94B8EF2C6FCC /* Pods_AudioKnjige.framework in Frameworks */,
			);
			runOnlyForDeploymentPostprocessing = 0;
		};
/* End PBXFrameworksBuildPhase section */

/* Begin PBXGroup section */
		042E0AAA22E3566400251DFE = {
			isa = PBXGroup;
			children = (
				042E0AB522E3566400251DFE /* AudioKnjige */,
				042E0AB422E3566400251DFE /* Products */,
				B459C947441A84DEB8E9E8AA /* Pods */,
				908489BA45425069FBB8E0A0 /* Frameworks */,
			);
			sourceTree = "<group>";
		};
		042E0AB422E3566400251DFE /* Products */ = {
			isa = PBXGroup;
			children = (
				042E0AB322E3566400251DFE /* AudioKnjige.app */,
			);
			name = Products;
			sourceTree = "<group>";
		};
		042E0AB522E3566400251DFE /* AudioKnjige */ = {
			isa = PBXGroup;
			children = (
				CEF0F7A622EC54E0005753B2 /* Cells */,
				CE98890522E37DD400A3A5CA /* VC */,
				042E0AB622E3566400251DFE /* AppDelegate.swift */,
				CE1D484622EF57660062C1CC /* StoryBoard */,
				CEFDD98E22EC628B005514B3 /* Images */,
				042E0AC422E3566800251DFE /* Info.plist */,
				042E0ABF22E3566800251DFE /* Assets.xcassets */,
				CEFDD9C622EC6562005514B3 /* Model.swift */,
			);
			path = AudioKnjige;
			sourceTree = "<group>";
		};
		908489BA45425069FBB8E0A0 /* Frameworks */ = {
			isa = PBXGroup;
			children = (
				C9219A26D467A37446810578 /* Pods_AudioKnjige.framework */,
			);
			name = Frameworks;
			sourceTree = "<group>";
		};
		B459C947441A84DEB8E9E8AA /* Pods */ = {
			isa = PBXGroup;
			children = (
				697360E05410FE8BE2669398 /* Pods-AudioKnjige.debug.xcconfig */,
				EA7DBD33DF2B011F792150E7 /* Pods-AudioKnjige.release.xcconfig */,
			);
			path = Pods;
			sourceTree = "<group>";
		};
		CE1D484622EF57660062C1CC /* StoryBoard */ = {
			isa = PBXGroup;
			children = (
				042E0AC122E3566800251DFE /* LaunchScreen.storyboard */,
				042E0ABC22E3566400251DFE /* Main.storyboard */,
			);
			path = StoryBoard;
			sourceTree = "<group>";
		};
		CE98890522E37DD400A3A5CA /* VC */ = {
			isa = PBXGroup;
			children = (
				CEF0F7A222EC5211005753B2 /* HomeVC.swift */,
				042E0AB822E3566400251DFE /* KnjigeVC.swift */,
				042E0ABA22E3566400251DFE /* LektireVC.swift */,
				CEF0F7A422EC522F005753B2 /* FavoritesVC.swift */,
				CEFDD9C822EC8EC7005514B3 /* DescriptionVC.swift */,
				CE1D484722EF5C660062C1CC /* audio.mp3 */,
			);
			path = VC;
			sourceTree = "<group>";
		};
		CEF0F7A622EC54E0005753B2 /* Cells */ = {
			isa = PBXGroup;
			children = (
				CEF0F7A722EC5535005753B2 /* BookCell.swift */,
			);
			path = Cells;
			sourceTree = "<group>";
		};
		CEFDD98E22EC628B005514B3 /* Images */ = {
			isa = PBXGroup;
			children = (
				CEFDD98F22EC628B005514B3 /* da-vinci-code.jpg */,
				CEFDD99022EC628B005514B3 /* chamber.jpg */,
				CEFDD99122EC628B005514B3 /* digital-fortress.jpg */,
				CEFDD99222EC628B005514B3 /* bilbo-song.png */,
				CEFDD99322EC628B005514B3 /* fever.jpg */,
				CEFDD99422EC628B005514B3 /* hallows.jpg */,
				CEFDD99522EC628B005514B3 /* invasion.jpg */,
				CEFDD99622EC628B005514B3 /* shock.jpg */,
				CEFDD99722EC628B005514B3 /* fatal-cure.jpeg */,
				CEFDD99822EC628B005514B3 /* brain.jpg */,
				CEFDD99922EC628B005514B3 /* prince.jpg */,
				CEFDD99A22EC628B005514B3 /* the-hobbit.jpg */,
				CEFDD99B22EC628B005514B3 /* blindsight.png */,
				CEFDD99C22EC628B005514B3 /* goblet.jpg */,
				CEFDD99D22EC628B005514B3 /* fellowship.jpg */,
				CEFDD99E22EC628B005514B3 /* background.jpg */,
				CEFDD99F22EC628B005514B3 /* stone.jpg */,
				CEFDD9A022EC628B005514B3 /* bard.jpg */,
				CEFDD9A122EC628B005514B3 /* two-towers.jpg */,
				CEFDD9A222EC628B005514B3 /* lost-symbol.jpg */,
				CEFDD9A322EC628B005514B3 /* azkaban.jpg */,
				CEFDD9A422EC628B005514B3 /* deception-point.jpg */,
				CEFDD9A522EC628B005514B3 /* return-king.jpg */,
				CEFDD9A622EC628B005514B3 /* sphinx.jpeg */,
				CEFDD9A722EC628B005514B3 /* intervention.jpg */,
				CEFDD9A822EC628B005514B3 /* phoenix.jpg */,
				CEFDD9A922EC628B005514B3 /* angels-demons.jpg */,
			);
			path = Images;
			sourceTree = "<group>";
		};
/* End PBXGroup section */

/* Begin PBXNativeTarget section */
		042E0AB222E3566400251DFE /* AudioKnjige */ = {
			isa = PBXNativeTarget;
			buildConfigurationList = 042E0AC722E3566800251DFE /* Build configuration list for PBXNativeTarget "AudioKnjige" */;
			buildPhases = (
				BCDA512635A95FD0C504E33E /* [CP] Check Pods Manifest.lock */,
				042E0AAF22E3566400251DFE /* Sources */,
				042E0AB022E3566400251DFE /* Frameworks */,
				042E0AB122E3566400251DFE /* Resources */,
				466F0C31D37A53EA1C39FC89 /* [CP] Embed Pods Frameworks */,
			);
			buildRules = (
			);
			dependencies = (
			);
			name = AudioKnjige;
			productName = AudioKnjige;
			productReference = 042E0AB322E3566400251DFE /* AudioKnjige.app */;
			productType = "com.apple.product-type.application";
		};
/* End PBXNativeTarget section */

/* Begin PBXProject section */
		042E0AAB22E3566400251DFE /* Project object */ = {
			isa = PBXProject;
			attributes = {
				LastSwiftUpdateCheck = 1020;
				LastUpgradeCheck = 1020;
				ORGANIZATIONNAME = NemanjaStojanovic;
				TargetAttributes = {
					042E0AB222E3566400251DFE = {
						CreatedOnToolsVersion = 10.2.1;
					};
				};
			};
			buildConfigurationList = 042E0AAE22E3566400251DFE /* Build configuration list for PBXProject "AudioKnjige" */;
			compatibilityVersion = "Xcode 9.3";
			developmentRegion = en;
			hasScannedForEncodings = 0;
			knownRegions = (
				en,
				Base,
			);
			mainGroup = 042E0AAA22E3566400251DFE;
			productRefGroup = 042E0AB422E3566400251DFE /* Products */;
			projectDirPath = "";
			projectRoot = "";
			targets = (
				042E0AB222E3566400251DFE /* AudioKnjige */,
			);
		};
/* End PBXProject section */

/* Begin PBXResourcesBuildPhase section */
		042E0AB122E3566400251DFE /* Resources */ = {
			isa = PBXResourcesBuildPhase;
			buildActionMask = 2147483647;
			files = (
				CEFDD9AE22EC628B005514B3 /* fever.jpg in Resources */,
				CEFDD9AC22EC628B005514B3 /* digital-fortress.jpg in Resources */,
				CEFDD9C022EC628B005514B3 /* return-king.jpg in Resources */,
				CEFDD9BE22EC628B005514B3 /* azkaban.jpg in Resources */,
				CEFDD9B422EC628B005514B3 /* prince.jpg in Resources */,
				042E0AC322E3566800251DFE /* LaunchScreen.storyboard in Resources */,
				CEFDD9B522EC628B005514B3 /* the-hobbit.jpg in Resources */,
				CEFDD9C122EC628B005514B3 /* sphinx.jpeg in Resources */,
				CEFDD9AF22EC628B005514B3 /* hallows.jpg in Resources */,
				CE1D484822EF5C670062C1CC /* audio.mp3 in Resources */,
				CEFDD9BC22EC628B005514B3 /* two-towers.jpg in Resources */,
				CEFDD9BD22EC628B005514B3 /* lost-symbol.jpg in Resources */,
				CEFDD9C322EC628B005514B3 /* phoenix.jpg in Resources */,
				CEFDD9B022EC628B005514B3 /* invasion.jpg in Resources */,
				CEFDD9C222EC628B005514B3 /* intervention.jpg in Resources */,
				CEFDD9B122EC628B005514B3 /* shock.jpg in Resources */,
				CEFDD9AB22EC628B005514B3 /* chamber.jpg in Resources */,
				CEFDD9B722EC628B005514B3 /* goblet.jpg in Resources */,
				CEFDD9C422EC628B005514B3 /* angels-demons.jpg in Resources */,
				CEFDD9BB22EC628B005514B3 /* bard.jpg in Resources */,
				CEFDD9B622EC628B005514B3 /* blindsight.png in Resources */,
				042E0AC022E3566800251DFE /* Assets.xcassets in Resources */,
				CEFDD9B822EC628B005514B3 /* fellowship.jpg in Resources */,
				042E0ABE22E3566400251DFE /* Main.storyboard in Resources */,
				CEFDD9AA22EC628B005514B3 /* da-vinci-code.jpg in Resources */,
				CEFDD9BF22EC628B005514B3 /* deception-point.jpg in Resources */,
				CEFDD9AD22EC628B005514B3 /* bilbo-song.png in Resources */,
				CEFDD9B222EC628B005514B3 /* fatal-cure.jpeg in Resources */,
				CEFDD9BA22EC628B005514B3 /* stone.jpg in Resources */,
				CEFDD9B922EC628B005514B3 /* background.jpg in Resources */,
				CEFDD9B322EC628B005514B3 /* brain.jpg in Resources */,
			);
			runOnlyForDeploymentPostprocessing = 0;
		};
/* End PBXResourcesBuildPhase section */

/* Begin PBXShellScriptBuildPhase section */
		466F0C31D37A53EA1C39FC89 /* [CP] Embed Pods Frameworks */ = {
			isa = PBXShellScriptBuildPhase;
			buildActionMask = 2147483647;
			files = (
			);
			inputFileListPaths = (
				"${PODS_ROOT}/Target Support Files/Pods-AudioKnjige/Pods-AudioKnjige-frameworks-${CONFIGURATION}-input-files.xcfilelist",
			);
			name = "[CP] Embed Pods Frameworks";
			outputFileListPaths = (
				"${PODS_ROOT}/Target Support Files/Pods-AudioKnjige/Pods-AudioKnjige-frameworks-${CONFIGURATION}-output-files.xcfilelist",
			);
			runOnlyForDeploymentPostprocessing = 0;
			shellPath = /bin/sh;
			shellScript = "\"${PODS_ROOT}/Target Support Files/Pods-AudioKnjige/Pods-AudioKnjige-frameworks.sh\"\n";
			showEnvVarsInLog = 0;
		};
		BCDA512635A95FD0C504E33E /* [CP] Check Pods Manifest.lock */ = {
			isa = PBXShellScriptBuildPhase;
			buildActionMask = 2147483647;
			files = (
			);
			inputFileListPaths = (
			);
			inputPaths = (
				"${PODS_PODFILE_DIR_PATH}/Podfile.lock",
				"${PODS_ROOT}/Manifest.lock",
			);
			name = "[CP] Check Pods Manifest.lock";
			outputFileListPaths = (
			);
			outputPaths = (
				"$(DERIVED_FILE_DIR)/Pods-AudioKnjige-checkManifestLockResult.txt",
			);
			runOnlyForDeploymentPostprocessing = 0;
			shellPath = /bin/sh;
			shellScript = "diff \"${PODS_PODFILE_DIR_PATH}/Podfile.lock\" \"${PODS_ROOT}/Manifest.lock\" > /dev/null\nif [ $? != 0 ] ; then\n    # print error to STDERR\n    echo \"error: The sandbox is not in sync with the Podfile.lock. Run 'pod install' or update your CocoaPods installation.\" >&2\n    exit 1\nfi\n# This output is used by Xcode 'outputs' to avoid re-running this script phase.\necho \"SUCCESS\" > \"${SCRIPT_OUTPUT_FILE_0}\"\n";
			showEnvVarsInLog = 0;
		};
/* End PBXShellScriptBuildPhase section */

/* Begin PBXSourcesBuildPhase section */
		042E0AAF22E3566400251DFE /* Sources */ = {
			isa = PBXSourcesBuildPhase;
			buildActionMask = 2147483647;
			files = (
				CEFDD9C722EC6562005514B3 /* Model.swift in Sources */,
				CEF0F7A822EC5535005753B2 /* BookCell.swift in Sources */,
				CEF0F7A522EC522F005753B2 /* FavoritesVC.swift in Sources */,
				CEFDD9C922EC8EC7005514B3 /* DescriptionVC.swift in Sources */,
				042E0ABB22E3566400251DFE /* LektireVC.swift in Sources */,
				CEF0F7A322EC5211005753B2 /* HomeVC.swift in Sources */,
				042E0AB722E3566400251DFE /* AppDelegate.swift in Sources */,
				042E0AB922E3566400251DFE /* KnjigeVC.swift in Sources */,
			);
			runOnlyForDeploymentPostprocessing = 0;
		};
/* End PBXSourcesBuildPhase section */

/* Begin PBXVariantGroup section */
		042E0ABC22E3566400251DFE /* Main.storyboard */ = {
			isa = PBXVariantGroup;
			children = (
				042E0ABD22E3566400251DFE /* Base */,
			);
			name = Main.storyboard;
			sourceTree = "<group>";
		};
		042E0AC122E3566800251DFE /* LaunchScreen.storyboard */ = {
			isa = PBXVariantGroup;
			children = (
				042E0AC222E3566800251DFE /* Base */,
			);
			name = LaunchScreen.storyboard;
			sourceTree = "<group>";
		};
/* End PBXVariantGroup section */

/* Begin XCBuildConfiguration section */
		042E0AC522E3566800251DFE /* Debug */ = {
			isa = XCBuildConfiguration;
			buildSettings = {
				ALWAYS_SEARCH_USER_PATHS = NO;
				CLANG_ANALYZER_NONNULL = YES;
				CLANG_ANALYZER_NUMBER_OBJECT_CONVERSION = YES_AGGRESSIVE;
				CLANG_CXX_LANGUAGE_STANDARD = "gnu++14";
				CLANG_CXX_LIBRARY = "libc++";
				CLANG_ENABLE_MODULES = YES;
				CLANG_ENABLE_OBJC_ARC = YES;
				CLANG_ENABLE_OBJC_WEAK = YES;
				CLANG_WARN_BLOCK_CAPTURE_AUTORELEASING = YES;
				CLANG_WARN_BOOL_CONVERSION = YES;
				CLANG_WARN_COMMA = YES;
				CLANG_WARN_CONSTANT_CONVERSION = YES;
				CLANG_WARN_DEPRECATED_OBJC_IMPLEMENTATIONS = YES;
				CLANG_WARN_DIRECT_OBJC_ISA_USAGE = YES_ERROR;
				CLANG_WARN_DOCUMENTATION_COMMENTS = YES;
				CLANG_WARN_EMPTY_BODY = YES;
				CLANG_WARN_ENUM_CONVERSION = YES;
				CLANG_WARN_INFINITE_RECURSION = YES;
				CLANG_WARN_INT_CONVERSION = YES;
				CLANG_WARN_NON_LITERAL_NULL_CONVERSION = YES;
				CLANG_WARN_OBJC_IMPLICIT_RETAIN_SELF = YES;
				CLANG_WARN_OBJC_LITERAL_CONVERSION = YES;
				CLANG_WARN_OBJC_ROOT_CLASS = YES_ERROR;
				CLANG_WARN_RANGE_LOOP_ANALYSIS = YES;
				CLANG_WARN_STRICT_PROTOTYPES = YES;
				CLANG_WARN_SUSPICIOUS_MOVE = YES;
				CLANG_WARN_UNGUARDED_AVAILABILITY = YES_AGGRESSIVE;
				CLANG_WARN_UNREACHABLE_CODE = YES;
				CLANG_WARN__DUPLICATE_METHOD_MATCH = YES;
				CODE_SIGN_IDENTITY = "iPhone Developer";
				COPY_PHASE_STRIP = NO;
				DEBUG_INFORMATION_FORMAT = dwarf;
				ENABLE_STRICT_OBJC_MSGSEND = YES;
				ENABLE_TESTABILITY = YES;
				GCC_C_LANGUAGE_STANDARD = gnu11;
				GCC_DYNAMIC_NO_PIC = NO;
				GCC_NO_COMMON_BLOCKS = YES;
				GCC_OPTIMIZATION_LEVEL = 0;
				GCC_PREPROCESSOR_DEFINITIONS = (
					"DEBUG=1",
					"$(inherited)",
				);
				GCC_WARN_64_TO_32_BIT_CONVERSION = YES;
				GCC_WARN_ABOUT_RETURN_TYPE = YES_ERROR;
				GCC_WARN_UNDECLARED_SELECTOR = YES;
				GCC_WARN_UNINITIALIZED_AUTOS = YES_AGGRESSIVE;
				GCC_WARN_UNUSED_FUNCTION = YES;
				GCC_WARN_UNUSED_VARIABLE = YES;
				IPHONEOS_DEPLOYMENT_TARGET = 12.2;
				MTL_ENABLE_DEBUG_INFO = INCLUDE_SOURCE;
				MTL_FAST_MATH = YES;
				ONLY_ACTIVE_ARCH = YES;
				SDKROOT = iphoneos;
				SWIFT_ACTIVE_COMPILATION_CONDITIONS = DEBUG;
				SWIFT_OPTIMIZATION_LEVEL = "-Onone";
			};
			name = Debug;
		};
		042E0AC622E3566800251DFE /* Release */ = {
			isa = XCBuildConfiguration;
			buildSettings = {
				ALWAYS_SEARCH_USER_PATHS = NO;
				CLANG_ANALYZER_NONNULL = YES;
				CLANG_ANALYZER_NUMBER_OBJECT_CONVERSION = YES_AGGRESSIVE;
				CLANG_CXX_LANGUAGE_STANDARD = "gnu++14";
				CLANG_CXX_LIBRARY = "libc++";
				CLANG_ENABLE_MODULES = YES;
				CLANG_ENABLE_OBJC_ARC = YES;
				CLANG_ENABLE_OBJC_WEAK = YES;
				CLANG_WARN_BLOCK_CAPTURE_AUTORELEASING = YES;
				CLANG_WARN_BOOL_CONVERSION = YES;
				CLANG_WARN_COMMA = YES;
				CLANG_WARN_CONSTANT_CONVERSION = YES;
				CLANG_WARN_DEPRECATED_OBJC_IMPLEMENTATIONS = YES;
				CLANG_WARN_DIRECT_OBJC_ISA_USAGE = YES_ERROR;
				CLANG_WARN_DOCUMENTATION_COMMENTS = YES;
				CLANG_WARN_EMPTY_BODY = YES;
				CLANG_WARN_ENUM_CONVERSION = YES;
				CLANG_WARN_INFINITE_RECURSION = YES;
				CLANG_WARN_INT_CONVERSION = YES;
				CLANG_WARN_NON_LITERAL_NULL_CONVERSION = YES;
				CLANG_WARN_OBJC_IMPLICIT_RETAIN_SELF = YES;
				CLANG_WARN_OBJC_LITERAL_CONVERSION = YES;
				CLANG_WARN_OBJC_ROOT_CLASS = YES_ERROR;
				CLANG_WARN_RANGE_LOOP_ANALYSIS = YES;
				CLANG_WARN_STRICT_PROTOTYPES = YES;
				CLANG_WARN_SUSPICIOUS_MOVE = YES;
				CLANG_WARN_UNGUARDED_AVAILABILITY = YES_AGGRESSIVE;
				CLANG_WARN_UNREACHABLE_CODE = YES;
				CLANG_WARN__DUPLICATE_METHOD_MATCH = YES;
				CODE_SIGN_IDENTITY = "iPhone Developer";
				COPY_PHASE_STRIP = NO;
				DEBUG_INFORMATION_FORMAT = "dwarf-with-dsym";
				ENABLE_NS_ASSERTIONS = NO;
				ENABLE_STRICT_OBJC_MSGSEND = YES;
				GCC_C_LANGUAGE_STANDARD = gnu11;
				GCC_NO_COMMON_BLOCKS = YES;
				GCC_WARN_64_TO_32_BIT_CONVERSION = YES;
				GCC_WARN_ABOUT_RETURN_TYPE = YES_ERROR;
				GCC_WARN_UNDECLARED_SELECTOR = YES;
				GCC_WARN_UNINITIALIZED_AUTOS = YES_AGGRESSIVE;
				GCC_WARN_UNUSED_FUNCTION = YES;
				GCC_WARN_UNUSED_VARIABLE = YES;
				IPHONEOS_DEPLOYMENT_TARGET = 12.2;
				MTL_ENABLE_DEBUG_INFO = NO;
				MTL_FAST_MATH = YES;
				SDKROOT = iphoneos;
				SWIFT_COMPILATION_MODE = wholemodule;
				SWIFT_OPTIMIZATION_LEVEL = "-O";
				VALIDATE_PRODUCT = YES;
			};
			name = Release;
		};
		042E0AC822E3566800251DFE /* Debug */ = {
			isa = XCBuildConfiguration;
			baseConfigurationReference = 697360E05410FE8BE2669398 /* Pods-AudioKnjige.debug.xcconfig */;
			buildSettings = {
				ASSETCATALOG_COMPILER_APPICON_NAME = AppIcon;
				CODE_SIGN_STYLE = Automatic;
				DEVELOPMENT_TEAM = QM5HHVW582;
				INFOPLIST_FILE = AudioKnjige/Info.plist;
				LD_RUNPATH_SEARCH_PATHS = (
					"$(inherited)",
					"@executable_path/Frameworks",
				);
				PRODUCT_BUNDLE_IDENTIFIER = AudioKnjige;
				PRODUCT_NAME = "$(TARGET_NAME)";
				SWIFT_VERSION = 5.0;
				TARGETED_DEVICE_FAMILY = "1,2";
			};
			name = Debug;
		};
		042E0AC922E3566800251DFE /* Release */ = {
			isa = XCBuildConfiguration;
			baseConfigurationReference = EA7DBD33DF2B011F792150E7 /* Pods-AudioKnjige.release.xcconfig */;
			buildSettings = {
				ASSETCATALOG_COMPILER_APPICON_NAME = AppIcon;
				CODE_SIGN_STYLE = Automatic;
				DEVELOPMENT_TEAM = QM5HHVW582;
				INFOPLIST_FILE = AudioKnjige/Info.plist;
				LD_RUNPATH_SEARCH_PATHS = (
					"$(inherited)",
					"@executable_path/Frameworks",
				);
				PRODUCT_BUNDLE_IDENTIFIER = AudioKnjige;
				PRODUCT_NAME = "$(TARGET_NAME)";
				SWIFT_VERSION = 5.0;
				TARGETED_DEVICE_FAMILY = "1,2";
			};
			name = Release;
		};
/* End XCBuildConfiguration section */

/* Begin XCConfigurationList section */
		042E0AAE22E3566400251DFE /* Build configuration list for PBXProject "AudioKnjige" */ = {
			isa = XCConfigurationList;
			buildConfigurations = (
				042E0AC522E3566800251DFE /* Debug */,
				042E0AC622E3566800251DFE /* Release */,
			);
			defaultConfigurationIsVisible = 0;
			defaultConfigurationName = Release;
		};
		042E0AC722E3566800251DFE /* Build configuration list for PBXNativeTarget "AudioKnjige" */ = {
			isa = XCConfigurationList;
			buildConfigurations = (
				042E0AC822E3566800251DFE /* Debug */,
				042E0AC922E3566800251DFE /* Release */,
			);
			defaultConfigurationIsVisible = 0;
			defaultConfigurationName = Release;
		};
/* End XCConfigurationList section */
	};
	rootObject = 042E0AAB22E3566400251DFE /* Project object */;
}
